{
  "name": "dubladores",
  "lockfileVersion": 3,
  "requires": true,
  "packages": {
    "": {
      "dependencies": {
        "@fortawesome/fontawesome-free": "^6.5.1",
        "sweetalert2": "^11.10.1"
      }
    },
    "node_modules/@fortawesome/fontawesome-free": {
      "version": "6.5.1",
      "resolved": "https://registry.npmjs.org/@fortawesome/fontawesome-free/-/fontawesome-free-6.5.1.tgz",
      "integrity": "sha512-CNy5vSwN3fsUStPRLX7fUYojyuzoEMSXPl7zSLJ8TgtRfjv24LOnOWKT2zYwaHZCJGkdyRnTmstR0P+Ah503Gw==",
      "hasInstallScript": true,
      "engines": {
        "node": ">=6"
      }
    },
    "node_modules/sweetalert2": {
      "version": "11.10.1",
      "resolved": "https://registry.npmjs.org/sweetalert2/-/sweetalert2-11.10.1.tgz",
      "integrity": "sha512-qu145oBuFfjYr5yZW9OSdG6YmRxDf8CnkgT/sXMfrXGe+asFy2imC2vlaLQ/L/naZ/JZna1MPAY56G4qYM0VUQ==",
      "funding": {
        "type": "individual",
        "url": "https://github.com/sponsors/limonte"
      }
    }
  }
}
